
Microsoft Visual Studio Solution File, Format Version 12.00
# Visual Studio Version 16
VisualStudioVersion = 16.0.809.0
MinimumVisualStudioVersion = 10.0.40219.1
Project("{FAE04EC0-301F-11D3-BF4B-00C04F79EFBC}") = "Models", "Models\Models.csproj", "{674D57EF-C26A-4A00-80DA-0EA339845DD4}"
EndProject
Project("{FAE04EC0-301F-11D3-BF4B-00C04F79EFBC}") = "WebApi2", "WebApi2\WebApi2.csproj", "{17E92768-4CAA-483E-AEB8-FB1AA5F2CE92}"
EndProject
Project("{FAE04EC0-301F-11D3-BF4B-00C04F79EFBC}") = "WebMvc", "WebMvc\WebMvc.csproj", "{46838827-4A7C-4A94-907B-E6CA9DE6AD7B}"
EndProject
Project("{FAE04EC0-301F-11D3-BF4B-00C04F79EFBC}") = "Helper", "Helper\Helper.csproj", "{07A61475-57BC-489E-AB57-2710AE2DC48F}"
EndProject
Global
	GlobalSection(SolutionConfigurationPlatforms) = preSolution
		Debug|Any CPU = Debug|Any CPU
		Release|Any CPU = Release|Any CPU
	EndGlobalSection
	GlobalSection(ProjectConfigurationPlatforms) = postSolution
		{674D57EF-C26A-4A00-80DA-0EA339845DD4}.Debug|Any CPU.ActiveCfg = Debug|Any CPU
		{674D57EF-C26A-4A00-80DA-0EA339845DD4}.Debug|Any CPU.Build.0 = Debug|Any CPU
		{674D57EF-C26A-4A00-80DA-0EA339845DD4}.Release|Any CPU.ActiveCfg = Release|Any CPU
		{674D57EF-C26A-4A00-80DA-0EA339845DD4}.Release|Any CPU.Build.0 = Release|Any CPU
		{17E92768-4CAA-483E-AEB8-FB1AA5F2CE92}.Debug|Any CPU.ActiveCfg = Debug|Any CPU
		{17E92768-4CAA-483E-AEB8-FB1AA5F2CE92}.Debug|Any CPU.Build.0 = Debug|Any CPU
		{17E92768-4CAA-483E-AEB8-FB1AA5F2CE92}.Release|Any CPU.ActiveCfg = Release|Any CPU
		{17E92768-4CAA-483E-AEB8-FB1AA5F2CE92}.Release|Any CPU.Build.0 = Release|Any CPU
		{46838827-4A7C-4A94-907B-E6CA9DE6AD7B}.Debug|Any CPU.ActiveCfg = Debug|Any CPU
		{46838827-4A7C-4A94-907B-E6CA9DE6AD7B}.Debug|Any CPU.Build.0 = Debug|Any CPU
		{46838827-4A7C-4A94-907B-E6CA9DE6AD7B}.Release|Any CPU.ActiveCfg = Release|Any CPU
		{46838827-4A7C-4A94-907B-E6CA9DE6AD7B}.Release|Any CPU.Build.0 = Release|Any CPU
		{07A61475-57BC-489E-AB57-2710AE2DC48F}.Debug|Any CPU.ActiveCfg = Debug|Any CPU
		{07A61475-57BC-489E-AB57-2710AE2DC48F}.Debug|Any CPU.Build.0 = Debug|Any CPU
		{07A61475-57BC-489E-AB57-2710AE2DC48F}.Release|Any CPU.ActiveCfg = Release|Any CPU
		{07A61475-57BC-489E-AB57-2710AE2DC48F}.Release|Any CPU.Build.0 = Release|Any CPU
	EndGlobalSection
	GlobalSection(SolutionProperties) = preSolution
		HideSolutionNode = FALSE
	EndGlobalSection
	GlobalSection(ExtensibilityGlobals) = postSolution
		SolutionGuid = {BDAD418B-9DC8-44AA-9681-F0D143A4999D}
	EndGlobalSection
EndGlobal
